{
  "requires": true,
  "lockfileVersion": 1,
  "dependencies": {
    "babel-runtime": {
      "version": "6.26.0",
      "resolved": "https://registry.npmmirror.com/babel-runtime/-/babel-runtime-6.26.0.tgz",
      "integrity": "sha512-ITKNuq2wKlW1fJg9sSW52eepoYgZBggvOAHC0u/CYu/qxQ9EVzThCgR69BnSXLHjy2f7SY5zaQ4yt7H9ZVxY2g==",
      "requires": {
        "core-js": "^2.4.0",
        "regenerator-runtime": "^0.11.0"
      },
      "dependencies": {
        "regenerator-runtime": {
          "version": "0.11.1",
          "resolved": "https://registry.npmmirror.com/regenerator-runtime/-/regenerator-runtime-0.11.1.tgz",
          "integrity": "sha512-MguG95oij0fC3QV3URf4V2SDYGJhJnJGqvIIgdECeODCT98wSWDAJ94SSuVpYQUoTcGUIL6L4yNB7j1DFFHSBg=="
        }
      }
    },
    "core-js": {
      "version": "2.6.12",
      "resolved": "https://registry.npmmirror.com/core-js/-/core-js-2.6.12.tgz",
      "integrity": "sha512-Kb2wC0fvsWfQrgk8HU5lW6U/Lcs8+9aaYcy4ZFc6DDlo4nZ7n70dEgE5rtR0oG6ufKDUnrwfWL1mXR5ljDatrQ=="
    },
    "jquery": {
      "version": "3.6.4",
      "resolved": "https://registry.npmmirror.com/jquery/-/jquery-3.6.4.tgz",
      "integrity": "sha512-v28EW9DWDFpzcD9O5iyJXg3R3+q+mET5JhnjJzQUZMHOv67bpSIHq81GEYpPNZHG+XXHsfSme3nxp/hndKEcsQ=="
    },
    "plus-websocket": {
      "version": "1.0.7",
      "resolved": "https://registry.npmmirror.com/plus-websocket/-/plus-websocket-1.0.7.tgz",
      "integrity": "sha512-+IO0JrkS6WFPxQ/HbQ51zKlLxKtP5wbakFrcXrCI88kG7ZmnUQFtRcV0hJXLlOOLghmGuSh52O3n+6tHBBYbKg=="
    },
    "regenerator-runtime": {
      "version": "0.13.11",
      "resolved": "https://registry.npmmirror.com/regenerator-runtime/-/regenerator-runtime-0.13.11.tgz",
      "integrity": "sha512-kY1AZVr2Ra+t+piVaJ4gxaFaReZVH40AKNo7UCX6W+dEwBo/2oZJzqfuN1qLq1oL45o56cPaTXELwrTh8Fpggg=="
    },
    "thorui-uni": {
      "version": "2.0.0",
      "resolved": "https://registry.npmmirror.com/thorui-uni/-/thorui-uni-2.0.0.tgz",
      "integrity": "sha512-gwfROMWTlEt8kjKfrYte5sMGbdTUEc29TTfpIHAArViIxZh+450c7PI2xWHEOf+9O2fZh8PUvrVfdfT/Wklb/A=="
    },
    "vue-magic-grid": {
      "version": "0.0.4",
      "resolved": "https://registry.npmmirror.com/vue-magic-grid/-/vue-magic-grid-0.0.4.tgz",
      "integrity": "sha512-z/vxnth5gqfT9KKw/wy50GQxK4zazWVavKDzHpcB9jhNfFMTqK4tK08eudaRtDDhfafruQgmy3YDfnaZPhEhdw=="
    },
    "vue-stick": {
      "version": "1.0.7",
      "resolved": "https://registry.npmmirror.com/vue-stick/-/vue-stick-1.0.7.tgz",
      "integrity": "sha512-iKdweDwZGEgGuaVkrDYlyaw7KDnXo6tGh3E+LdUTiQKlU4+0WO7k0+zB9LdCdn9LpqEs2qvLP3u/zi5YFNXC4Q=="
    },
    "vue-waterfall-easy": {
      "version": "2.4.4",
      "resolved": "https://registry.npmmirror.com/vue-waterfall-easy/-/vue-waterfall-easy-2.4.4.tgz",
      "integrity": "sha512-5OkpT2FPNC3rHBy858zk/nmJxqdPaGmj/KVbmA6dgcvtsovKMa+zuf/Z7F+S2NnObeavpIBztTWgcH3S42ZD+g=="
    },
    "vue-waterfall2": {
      "version": "1.10.6",
      "resolved": "https://registry.npmmirror.com/vue-waterfall2/-/vue-waterfall2-1.10.6.tgz",
      "integrity": "sha512-roL8gYdFkWcpqeUqci8+RPj4rCDMrdmiSaZ2V7MZSy1vkYmfLpBPxHn1OshWPefBYGyilasnBqdQPUeL3ddrbw==",
      "requires": {
        "babel-runtime": "^6.26.0",
        "regenerator-runtime": "^0.13.1"
      }
    }
  }
}
