{
  "requires": true,
  "lockfileVersion": 1,
  "dependencies": {
    "plus-websocket": {
      "version": "1.0.7",
      "resolved": "https://registry.npmmirror.com/plus-websocket/-/plus-websocket-1.0.7.tgz",
      "integrity": "sha512-+IO0JrkS6WFPxQ/HbQ51zKlLxKtP5wbakFrcXrCI88kG7ZmnUQFtRcV0hJXLlOOLghmGuSh52O3n+6tHBBYbKg=="
    }
  }
}
